Microsoft Visual Studio Solution File, Format Version 12.00
# Visual Studio Version 17
VisualStudioVersion = 17.5.2.0
MinimumVisualStudioVersion = 10.0.40219.1
Project("{FAE04EC0-301F-11D3-BF4B-00C04F79EFBC}") = "una-psc-prova-a1-matricula-par-202502", "una-psc-prova-a1-matricula-par-202502.csproj", "{AA4B68D1-0881-B4C7-1311-129FB7094639}"
EndProject
Global
	GlobalSection(SolutionConfigurationPlatforms) = preSolution
		Debug|Any CPU = Debug|Any CPU
		Release|Any CPU = Release|Any CPU
	EndGlobalSection
	GlobalSection(ProjectConfigurationPlatforms) = postSolution
		{AA4B68D1-0881-B4C7-1311-129FB7094639}.Debug|Any CPU.ActiveCfg = Debug|Any CPU
		{AA4B68D1-0881-B4C7-1311-129FB7094639}.Debug|Any CPU.Build.0 = Debug|Any CPU
		{AA4B68D1-0881-B4C7-1311-129FB7094639}.Release|Any CPU.ActiveCfg = Release|Any CPU
		{AA4B68D1-0881-B4C7-1311-129FB7094639}.Release|Any CPU.Build.0 = Release|Any CPU
	EndGlobalSection
	GlobalSection(SolutionProperties) = preSolution
		HideSolutionNode = FALSE
	EndGlobalSection
	GlobalSection(ExtensibilityGlobals) = postSolution
		SolutionGuid = {F97824CA-28CB-442D-9271-AE182AE8A0A9}
	EndGlobalSection
EndGlobal
